
Microsoft Visual Studio Solution File, Format Version 12.00
# Visual Studio Version 17
VisualStudioVersion = 17.5.33516.290
MinimumVisualStudioVersion = 10.0.40219.1
Project("{FAE04EC0-301F-11D3-BF4B-00C04F79EFBC}") = "Front", "Front\Front.csproj", "{5753FA91-8085-4B5D-9EC1-EB633CDD1079}"
EndProject
Project("{FAE04EC0-301F-11D3-BF4B-00C04F79EFBC}") = "Back", "Back\Back.csproj", "{C5D3AC7C-B181-4303-A936-682C00DC52F4}"
EndProject
Global
	GlobalSection(SolutionConfigurationPlatforms) = preSolution
		Debug|Any CPU = Debug|Any CPU
		Release|Any CPU = Release|Any CPU
	EndGlobalSection
	GlobalSection(ProjectConfigurationPlatforms) = postSolution
		{5753FA91-8085-4B5D-9EC1-EB633CDD1079}.Debug|Any CPU.ActiveCfg = Debug|Any CPU
		{5753FA91-8085-4B5D-9EC1-EB633CDD1079}.Debug|Any CPU.Build.0 = Debug|Any CPU
		{5753FA91-8085-4B5D-9EC1-EB633CDD1079}.Release|Any CPU.ActiveCfg = Release|Any CPU
		{5753FA91-8085-4B5D-9EC1-EB633CDD1079}.Release|Any CPU.Build.0 = Release|Any CPU
		{C5D3AC7C-B181-4303-A936-682C00DC52F4}.Debug|Any CPU.ActiveCfg = Debug|Any CPU
		{C5D3AC7C-B181-4303-A936-682C00DC52F4}.Debug|Any CPU.Build.0 = Debug|Any CPU
		{C5D3AC7C-B181-4303-A936-682C00DC52F4}.Release|Any CPU.ActiveCfg = Release|Any CPU
		{C5D3AC7C-B181-4303-A936-682C00DC52F4}.Release|Any CPU.Build.0 = Release|Any CPU
	EndGlobalSection
	GlobalSection(SolutionProperties) = preSolution
		HideSolutionNode = FALSE
	EndGlobalSection
	GlobalSection(ExtensibilityGlobals) = postSolution
		SolutionGuid = {6033E819-EE7B-48AE-B984-48E855296F95}
	EndGlobalSection
EndGlobal
